PODS:
  - Alamofire (5.2.1)
  - GoogleMaps (8.2.0):
    - GoogleMaps/Maps (= 8.2.0)
  - GoogleMaps/Base (8.2.0)
  - GoogleMaps/Maps (8.2.0):
    - GoogleMaps/Base
  - GooglePlaces (8.2.0)
  - SwiftyJSON (4.3.0)

DEPENDENCIES:
  - Alamofire (= 5.2.1)
  - GoogleMaps (= 8.2.0)
  - GooglePlaces (= 8.2.0)
  - SwiftyJSON (~> 4.0)

SPEC REPOS:
  trunk:
    - Alamofire
    - GoogleMaps
    - GooglePlaces
    - SwiftyJSON

SPEC CHECKSUMS:
  Alamofire: e911732990610fe89af59ac0077f923d72dc3dfd
  GoogleMaps: 081f2547b60a1c0870a8f49166a653900e5055d5
  GooglePlaces: b3003ef492e6b60d6cb8aa24026935dac2a3b658
  SwiftyJSON: 6faa0040f8b59dead0ee07436cbf76b73c08fd08

PODFILE CHECKSUM: 1b07e3a9d06ddff7156ff2c62c5ed1fbd3aa22e5

COCOAPODS: 1.14.2
