// !$*UTF8*$!
{
	archiveVersion = 1;
	classes = {
	};
	objectVersion = 56;
	objects = {

/* Begin PBXBuildFile section */
		07FC02AE5ADEFC8101540746 /* Pods_VIPERGoogleMapsExam.framework in Frameworks */ = {isa = PBXBuildFile; fileRef = 07FDE8153C648A62643D94C9 /* Pods_VIPERGoogleMapsExam.framework */; };
		088903452AFDC6DC00C104B1 /* GoogleMap.storyboard in Resources */ = {isa = PBXBuildFile; fileRef = 088903442AFDC6DC00C104B1 /* GoogleMap.storyboard */; };
		089656132AFCDE3D0063D08C /* AppDelegate.swift in Sources */ = {isa = PBXBuildFile; fileRef = 089656122AFCDE3D0063D08C /* AppDelegate.swift */; };
		089656152AFCDE3D0063D08C /* SceneDelegate.swift in Sources */ = {isa = PBXBuildFile; fileRef = 089656142AFCDE3D0063D08C /* SceneDelegate.swift */; };
		0896561C2AFCDE3E0063D08C /* Assets.xcassets in Resources */ = {isa = PBXBuildFile; fileRef = 0896561B2AFCDE3E0063D08C /* Assets.xcassets */; };
		0896561F2AFCDE3E0063D08C /* LaunchScreen.storyboard in Resources */ = {isa = PBXBuildFile; fileRef = 0896561D2AFCDE3E0063D08C /* LaunchScreen.storyboard */; };
		089656292AFCDE9D0063D08C /* DestinationsProtocol.swift in Sources */ = {isa = PBXBuildFile; fileRef = 089656282AFCDE9D0063D08C /* DestinationsProtocol.swift */; };
		0896562E2AFCDFF90063D08C /* Destination.swift in Sources */ = {isa = PBXBuildFile; fileRef = 0896562D2AFCDFF90063D08C /* Destination.swift */; };
		089656322AFCE17C0063D08C /* DestinationCell.swift in Sources */ = {isa = PBXBuildFile; fileRef = 089656312AFCE17C0063D08C /* DestinationCell.swift */; };
		089656342AFCE2CE0063D08C /* DestinationsViewController.swift in Sources */ = {isa = PBXBuildFile; fileRef = 089656332AFCE2CE0063D08C /* DestinationsViewController.swift */; };
		089656372AFCE4AD0063D08C /* DestinationsInteractor.swift in Sources */ = {isa = PBXBuildFile; fileRef = 089656362AFCE4AD0063D08C /* DestinationsInteractor.swift */; };
		0896563A2AFCE64D0063D08C /* DestinationsPresenter.swift in Sources */ = {isa = PBXBuildFile; fileRef = 089656392AFCE64D0063D08C /* DestinationsPresenter.swift */; };
		0896563D2AFCE6F70063D08C /* DestinationsRouter.swift in Sources */ = {isa = PBXBuildFile; fileRef = 0896563C2AFCE6F70063D08C /* DestinationsRouter.swift */; };
		089656672AFCFEFD0063D08C /* MapViewController.swift in Sources */ = {isa = PBXBuildFile; fileRef = 089656662AFCFEFD0063D08C /* MapViewController.swift */; };
		089656692AFCFF490063D08C /* MapRouter.swift in Sources */ = {isa = PBXBuildFile; fileRef = 089656682AFCFF490063D08C /* MapRouter.swift */; };
		0896566B2AFCFFD20063D08C /* MapProtocol.swift in Sources */ = {isa = PBXBuildFile; fileRef = 0896566A2AFCFFD20063D08C /* MapProtocol.swift */; };
		0896566D2AFD02FD0063D08C /* MapPresenter.swift in Sources */ = {isa = PBXBuildFile; fileRef = 0896566C2AFD02FD0063D08C /* MapPresenter.swift */; };
		0896566F2AFD046A0063D08C /* MapInteractor.swift in Sources */ = {isa = PBXBuildFile; fileRef = 0896566E2AFD046A0063D08C /* MapInteractor.swift */; };
		089EFB692AFDF85000E220C2 /* LocationManager.swift in Sources */ = {isa = PBXBuildFile; fileRef = 089EFB682AFDF85000E220C2 /* LocationManager.swift */; };
/* End PBXBuildFile section */

/* Begin PBXFileReference section */
		07FDE8153C648A62643D94C9 /* Pods_VIPERGoogleMapsExam.framework */ = {isa = PBXFileReference; explicitFileType = wrapper.framework; includeInIndex = 0; path = Pods_VIPERGoogleMapsExam.framework; sourceTree = BUILT_PRODUCTS_DIR; };
		088903442AFDC6DC00C104B1 /* GoogleMap.storyboard */ = {isa = PBXFileReference; lastKnownFileType = file.storyboard; path = GoogleMap.storyboard; sourceTree = "<group>"; };
		0896560F2AFCDE3D0063D08C /* VIPERGoogleMapsExam.app */ = {isa = PBXFileReference; explicitFileType = wrapper.application; includeInIndex = 0; path = VIPERGoogleMapsExam.app; sourceTree = BUILT_PRODUCTS_DIR; };
		089656122AFCDE3D0063D08C /* AppDelegate.swift */ = {isa = PBXFileReference; lastKnownFileType = sourcecode.swift; path = AppDelegate.swift; sourceTree = "<group>"; };
		089656142AFCDE3D0063D08C /* SceneDelegate.swift */ = {isa = PBXFileReference; lastKnownFileType = sourcecode.swift; path = SceneDelegate.swift; sourceTree = "<group>"; };
		0896561B2AFCDE3E0063D08C /* Assets.xcassets */ = {isa = PBXFileReference; lastKnownFileType = folder.assetcatalog; path = Assets.xcassets; sourceTree = "<group>"; };
		0896561E2AFCDE3E0063D08C /* Base */ = {isa = PBXFileReference; lastKnownFileType = file.storyboard; name = Base; path = Base.lproj/LaunchScreen.storyboard; sourceTree = "<group>"; };
		089656202AFCDE3E0063D08C /* Info.plist */ = {isa = PBXFileReference; lastKnownFileType = text.plist.xml; path = Info.plist; sourceTree = "<group>"; };
		089656282AFCDE9D0063D08C /* DestinationsProtocol.swift */ = {isa = PBXFileReference; lastKnownFileType = sourcecode.swift; path = DestinationsProtocol.swift; sourceTree = "<group>"; };
		0896562D2AFCDFF90063D08C /* Destination.swift */ = {isa = PBXFileReference; lastKnownFileType = sourcecode.swift; path = Destination.swift; sourceTree = "<group>"; };
		089656312AFCE17C0063D08C /* DestinationCell.swift */ = {isa = PBXFileReference; lastKnownFileType = sourcecode.swift; path = DestinationCell.swift; sourceTree = "<group>"; };
		089656332AFCE2CE0063D08C /* DestinationsViewController.swift */ = {isa = PBXFileReference; lastKnownFileType = sourcecode.swift; path = DestinationsViewController.swift; sourceTree = "<group>"; };
		089656362AFCE4AD0063D08C /* DestinationsInteractor.swift */ = {isa = PBXFileReference; lastKnownFileType = sourcecode.swift; path = DestinationsInteractor.swift; sourceTree = "<group>"; };
		089656392AFCE64D0063D08C /* DestinationsPresenter.swift */ = {isa = PBXFileReference; lastKnownFileType = sourcecode.swift; path = DestinationsPresenter.swift; sourceTree = "<group>"; };
		0896563C2AFCE6F70063D08C /* DestinationsRouter.swift */ = {isa = PBXFileReference; lastKnownFileType = sourcecode.swift; path = DestinationsRouter.swift; sourceTree = "<group>"; };
		089656662AFCFEFD0063D08C /* MapViewController.swift */ = {isa = PBXFileReference; lastKnownFileType = sourcecode.swift; path = MapViewController.swift; sourceTree = "<group>"; };
		089656682AFCFF490063D08C /* MapRouter.swift */ = {isa = PBXFileReference; lastKnownFileType = sourcecode.swift; path = MapRouter.swift; sourceTree = "<group>"; };
		0896566A2AFCFFD20063D08C /* MapProtocol.swift */ = {isa = PBXFileReference; lastKnownFileType = sourcecode.swift; path = MapProtocol.swift; sourceTree = "<group>"; };
		0896566C2AFD02FD0063D08C /* MapPresenter.swift */ = {isa = PBXFileReference; lastKnownFileType = sourcecode.swift; path = MapPresenter.swift; sourceTree = "<group>"; };
		0896566E2AFD046A0063D08C /* MapInteractor.swift */ = {isa = PBXFileReference; lastKnownFileType = sourcecode.swift; path = MapInteractor.swift; sourceTree = "<group>"; };
		089EFB682AFDF85000E220C2 /* LocationManager.swift */ = {isa = PBXFileReference; lastKnownFileType = sourcecode.swift; path = LocationManager.swift; sourceTree = "<group>"; };
		A2759FAFFCEABA0D70EDC136 /* Pods-VIPERGoogleMapsExam.release.xcconfig */ = {isa = PBXFileReference; includeInIndex = 1; lastKnownFileType = text.xcconfig; name = "Pods-VIPERGoogleMapsExam.release.xcconfig"; path = "Target Support Files/Pods-VIPERGoogleMapsExam/Pods-VIPERGoogleMapsExam.release.xcconfig"; sourceTree = "<group>"; };
		FFABA842A60B679F6D51117E /* Pods-VIPERGoogleMapsExam.debug.xcconfig */ = {isa = PBXFileReference; includeInIndex = 1; lastKnownFileType = text.xcconfig; name = "Pods-VIPERGoogleMapsExam.debug.xcconfig"; path = "Target Support Files/Pods-VIPERGoogleMapsExam/Pods-VIPERGoogleMapsExam.debug.xcconfig"; sourceTree = "<group>"; };
/* End PBXFileReference section */

/* Begin PBXFrameworksBuildPhase section */
		0896560C2AFCDE3D0063D08C /* Frameworks */ = {
			isa = PBXFrameworksBuildPhase;
			buildActionMask = 2147483647;
			files = (
				07FC02AE5ADEFC8101540746 /* Pods_VIPERGoogleMapsExam.framework in Frameworks */,
			);
			runOnlyForDeploymentPostprocessing = 0;
		};
/* End PBXFrameworksBuildPhase section */

/* Begin PBXGroup section */
		051D1BAD36DF21716BEE4F4E /* Frameworks */ = {
			isa = PBXGroup;
			children = (
				07FDE8153C648A62643D94C9 /* Pods_VIPERGoogleMapsExam.framework */,
			);
			name = Frameworks;
			sourceTree = "<group>";
		};
		089656062AFCDE3D0063D08C = {
			isa = PBXGroup;
			children = (
				089656112AFCDE3D0063D08C /* VIPERGoogleMapsExam */,
				089656102AFCDE3D0063D08C /* Products */,
				8C5F3B5AC84803C138472219 /* Pods */,
				051D1BAD36DF21716BEE4F4E /* Frameworks */,
			);
			sourceTree = "<group>";
		};
		089656102AFCDE3D0063D08C /* Products */ = {
			isa = PBXGroup;
			children = (
				0896560F2AFCDE3D0063D08C /* VIPERGoogleMapsExam.app */,
			);
			name = Products;
			sourceTree = "<group>";
		};
		089656112AFCDE3D0063D08C /* VIPERGoogleMapsExam */ = {
			isa = PBXGroup;
			children = (
				089656122AFCDE3D0063D08C /* AppDelegate.swift */,
				089656142AFCDE3D0063D08C /* SceneDelegate.swift */,
				089EFB672AFDF83E00E220C2 /* Services */,
				089656262AFCDE6C0063D08C /* Modules */,
				0896561B2AFCDE3E0063D08C /* Assets.xcassets */,
				0896561D2AFCDE3E0063D08C /* LaunchScreen.storyboard */,
				089656202AFCDE3E0063D08C /* Info.plist */,
			);
			path = VIPERGoogleMapsExam;
			sourceTree = "<group>";
		};
		089656262AFCDE6C0063D08C /* Modules */ = {
			isa = PBXGroup;
			children = (
				089656272AFCDE800063D08C /* Destination */,
				089656602AFCFCBD0063D08C /* Map */,
			);
			path = Modules;
			sourceTree = "<group>";
		};
		089656272AFCDE800063D08C /* Destination */ = {
			isa = PBXGroup;
			children = (
				0896562A2AFCDF180063D08C /* Protocol */,
				0896562F2AFCE1540063D08C /* View */,
				089656352AFCE4840063D08C /* Interactor */,
				089656382AFCE6330063D08C /* Presenter */,
				0896562C2AFCDFE60063D08C /* Entity */,
				0896563B2AFCE6E10063D08C /* Router */,
			);
			path = Destination;
			sourceTree = "<group>";
		};
		0896562A2AFCDF180063D08C /* Protocol */ = {
			isa = PBXGroup;
			children = (
				089656282AFCDE9D0063D08C /* DestinationsProtocol.swift */,
			);
			path = Protocol;
			sourceTree = "<group>";
		};
		0896562C2AFCDFE60063D08C /* Entity */ = {
			isa = PBXGroup;
			children = (
				0896562D2AFCDFF90063D08C /* Destination.swift */,
			);
			path = Entity;
			sourceTree = "<group>";
		};
		0896562F2AFCE1540063D08C /* View */ = {
			isa = PBXGroup;
			children = (
				089656302AFCE1660063D08C /* Cell */,
				089656332AFCE2CE0063D08C /* DestinationsViewController.swift */,
			);
			path = View;
			sourceTree = "<group>";
		};
		089656302AFCE1660063D08C /* Cell */ = {
			isa = PBXGroup;
			children = (
				089656312AFCE17C0063D08C /* DestinationCell.swift */,
			);
			path = Cell;
			sourceTree = "<group>";
		};
		089656352AFCE4840063D08C /* Interactor */ = {
			isa = PBXGroup;
			children = (
				089656362AFCE4AD0063D08C /* DestinationsInteractor.swift */,
			);
			path = Interactor;
			sourceTree = "<group>";
		};
		089656382AFCE6330063D08C /* Presenter */ = {
			isa = PBXGroup;
			children = (
				089656392AFCE64D0063D08C /* DestinationsPresenter.swift */,
			);
			path = Presenter;
			sourceTree = "<group>";
		};
		0896563B2AFCE6E10063D08C /* Router */ = {
			isa = PBXGroup;
			children = (
				0896563C2AFCE6F70063D08C /* DestinationsRouter.swift */,
			);
			path = Router;
			sourceTree = "<group>";
		};
		089656602AFCFCBD0063D08C /* Map */ = {
			isa = PBXGroup;
			children = (
				089656652AFCFCF80063D08C /* Protocol */,
				089656642AFCFCF30063D08C /* View */,
				089656632AFCFCE60063D08C /* Interactor */,
				089656622AFCFCDF0063D08C /* Presenter */,
				089656612AFCFCD40063D08C /* Router */,
			);
			path = Map;
			sourceTree = "<group>";
		};
		089656612AFCFCD40063D08C /* Router */ = {
			isa = PBXGroup;
			children = (
				089656682AFCFF490063D08C /* MapRouter.swift */,
			);
			path = Router;
			sourceTree = "<group>";
		};
		089656622AFCFCDF0063D08C /* Presenter */ = {
			isa = PBXGroup;
			children = (
				0896566C2AFD02FD0063D08C /* MapPresenter.swift */,
			);
			path = Presenter;
			sourceTree = "<group>";
		};
		089656632AFCFCE60063D08C /* Interactor */ = {
			isa = PBXGroup;
			children = (
				0896566E2AFD046A0063D08C /* MapInteractor.swift */,
			);
			path = Interactor;
			sourceTree = "<group>";
		};
		089656642AFCFCF30063D08C /* View */ = {
			isa = PBXGroup;
			children = (
				089656662AFCFEFD0063D08C /* MapViewController.swift */,
				088903442AFDC6DC00C104B1 /* GoogleMap.storyboard */,
			);
			path = View;
			sourceTree = "<group>";
		};
		089656652AFCFCF80063D08C /* Protocol */ = {
			isa = PBXGroup;
			children = (
				0896566A2AFCFFD20063D08C /* MapProtocol.swift */,
			);
			path = Protocol;
			sourceTree = "<group>";
		};
		089EFB672AFDF83E00E220C2 /* Services */ = {
			isa = PBXGroup;
			children = (
				089EFB682AFDF85000E220C2 /* LocationManager.swift */,
			);
			name = Services;
			sourceTree = "<group>";
		};
		8C5F3B5AC84803C138472219 /* Pods */ = {
			isa = PBXGroup;
			children = (
				FFABA842A60B679F6D51117E /* Pods-VIPERGoogleMapsExam.debug.xcconfig */,
				A2759FAFFCEABA0D70EDC136 /* Pods-VIPERGoogleMapsExam.release.xcconfig */,
			);
			path = Pods;
			sourceTree = "<group>";
		};
/* End PBXGroup section */

/* Begin PBXNativeTarget section */
		0896560E2AFCDE3D0063D08C /* VIPERGoogleMapsExam */ = {
			isa = PBXNativeTarget;
			buildConfigurationList = 089656232AFCDE3E0063D08C /* Build configuration list for PBXNativeTarget "VIPERGoogleMapsExam" */;
			buildPhases = (
				F8DCCB7E0C2B5EB76DA73612 /* [CP] Check Pods Manifest.lock */,
				0896560B2AFCDE3D0063D08C /* Sources */,
				0896560C2AFCDE3D0063D08C /* Frameworks */,
				0896560D2AFCDE3D0063D08C /* Resources */,
				8B8551B094ACE9B6574145CF /* [CP] Copy Pods Resources */,
				A624B233A11DEE0BAEE2554C /* [CP] Embed Pods Frameworks */,
			);
			buildRules = (
			);
			dependencies = (
			);
			name = VIPERGoogleMapsExam;
			productName = VIPERGoogleMapsExam;
			productReference = 0896560F2AFCDE3D0063D08C /* VIPERGoogleMapsExam.app */;
			productType = "com.apple.product-type.application";
		};
/* End PBXNativeTarget section */

/* Begin PBXProject section */
		089656072AFCDE3D0063D08C /* Project object */ = {
			isa = PBXProject;
			attributes = {
				BuildIndependentTargetsInParallel = 1;
				LastSwiftUpdateCheck = 1400;
				LastUpgradeCheck = 1400;
				TargetAttributes = {
					0896560E2AFCDE3D0063D08C = {
						CreatedOnToolsVersion = 14.0.1;
					};
				};
			};
			buildConfigurationList = 0896560A2AFCDE3D0063D08C /* Build configuration list for PBXProject "VIPERGoogleMapsExam" */;
			compatibilityVersion = "Xcode 14.0";
			developmentRegion = en;
			hasScannedForEncodings = 0;
			knownRegions = (
				en,
				Base,
			);
			mainGroup = 089656062AFCDE3D0063D08C;
			productRefGroup = 089656102AFCDE3D0063D08C /* Products */;
			projectDirPath = "";
			projectRoot = "";
			targets = (
				0896560E2AFCDE3D0063D08C /* VIPERGoogleMapsExam */,
			);
		};
/* End PBXProject section */

/* Begin PBXResourcesBuildPhase section */
		0896560D2AFCDE3D0063D08C /* Resources */ = {
			isa = PBXResourcesBuildPhase;
			buildActionMask = 2147483647;
			files = (
				088903452AFDC6DC00C104B1 /* GoogleMap.storyboard in Resources */,
				0896561F2AFCDE3E0063D08C /* LaunchScreen.storyboard in Resources */,
				0896561C2AFCDE3E0063D08C /* Assets.xcassets in Resources */,
			);
			runOnlyForDeploymentPostprocessing = 0;
		};
/* End PBXResourcesBuildPhase section */

/* Begin PBXShellScriptBuildPhase section */
		8B8551B094ACE9B6574145CF /* [CP] Copy Pods Resources */ = {
			isa = PBXShellScriptBuildPhase;
			buildActionMask = 2147483647;
			files = (
			);
			inputFileListPaths = (
				"${PODS_ROOT}/Target Support Files/Pods-VIPERGoogleMapsExam/Pods-VIPERGoogleMapsExam-resources-${CONFIGURATION}-input-files.xcfilelist",
			);
			name = "[CP] Copy Pods Resources";
			outputFileListPaths = (
				"${PODS_ROOT}/Target Support Files/Pods-VIPERGoogleMapsExam/Pods-VIPERGoogleMapsExam-resources-${CONFIGURATION}-output-files.xcfilelist",
			);
			runOnlyForDeploymentPostprocessing = 0;
			shellPath = /bin/sh;
			shellScript = "\"${PODS_ROOT}/Target Support Files/Pods-VIPERGoogleMapsExam/Pods-VIPERGoogleMapsExam-resources.sh\"\n";
			showEnvVarsInLog = 0;
		};
		A624B233A11DEE0BAEE2554C /* [CP] Embed Pods Frameworks */ = {
			isa = PBXShellScriptBuildPhase;
			buildActionMask = 2147483647;
			files = (
			);
			inputFileListPaths = (
				"${PODS_ROOT}/Target Support Files/Pods-VIPERGoogleMapsExam/Pods-VIPERGoogleMapsExam-frameworks-${CONFIGURATION}-input-files.xcfilelist",
			);
			name = "[CP] Embed Pods Frameworks";
			outputFileListPaths = (
				"${PODS_ROOT}/Target Support Files/Pods-VIPERGoogleMapsExam/Pods-VIPERGoogleMapsExam-frameworks-${CONFIGURATION}-output-files.xcfilelist",
			);
			runOnlyForDeploymentPostprocessing = 0;
			shellPath = /bin/sh;
			shellScript = "\"${PODS_ROOT}/Target Support Files/Pods-VIPERGoogleMapsExam/Pods-VIPERGoogleMapsExam-frameworks.sh\"\n";
			showEnvVarsInLog = 0;
		};
		F8DCCB7E0C2B5EB76DA73612 /* [CP] Check Pods Manifest.lock */ = {
			isa = PBXShellScriptBuildPhase;
			buildActionMask = 2147483647;
			files = (
			);
			inputFileListPaths = (
			);
			inputPaths = (
				"${PODS_PODFILE_DIR_PATH}/Podfile.lock",
				"${PODS_ROOT}/Manifest.lock",
			);
			name = "[CP] Check Pods Manifest.lock";
			outputFileListPaths = (
			);
			outputPaths = (
				"$(DERIVED_FILE_DIR)/Pods-VIPERGoogleMapsExam-checkManifestLockResult.txt",
			);
			runOnlyForDeploymentPostprocessing = 0;
			shellPath = /bin/sh;
			shellScript = "diff \"${PODS_PODFILE_DIR_PATH}/Podfile.lock\" \"${PODS_ROOT}/Manifest.lock\" > /dev/null\nif [ $? != 0 ] ; then\n    # print error to STDERR\n    echo \"error: The sandbox is not in sync with the Podfile.lock. Run 'pod install' or update your CocoaPods installation.\" >&2\n    exit 1\nfi\n# This output is used by Xcode 'outputs' to avoid re-running this script phase.\necho \"SUCCESS\" > \"${SCRIPT_OUTPUT_FILE_0}\"\n";
			showEnvVarsInLog = 0;
		};
/* End PBXShellScriptBuildPhase section */

/* Begin PBXSourcesBuildPhase section */
		0896560B2AFCDE3D0063D08C /* Sources */ = {
			isa = PBXSourcesBuildPhase;
			buildActionMask = 2147483647;
			files = (
				089656322AFCE17C0063D08C /* DestinationCell.swift in Sources */,
				089656132AFCDE3D0063D08C /* AppDelegate.swift in Sources */,
				089EFB692AFDF85000E220C2 /* LocationManager.swift in Sources */,
				0896566D2AFD02FD0063D08C /* MapPresenter.swift in Sources */,
				0896563D2AFCE6F70063D08C /* DestinationsRouter.swift in Sources */,
				089656672AFCFEFD0063D08C /* MapViewController.swift in Sources */,
				0896566F2AFD046A0063D08C /* MapInteractor.swift in Sources */,
				0896566B2AFCFFD20063D08C /* MapProtocol.swift in Sources */,
				089656372AFCE4AD0063D08C /* DestinationsInteractor.swift in Sources */,
				0896562E2AFCDFF90063D08C /* Destination.swift in Sources */,
				089656152AFCDE3D0063D08C /* SceneDelegate.swift in Sources */,
				0896563A2AFCE64D0063D08C /* DestinationsPresenter.swift in Sources */,
				089656692AFCFF490063D08C /* MapRouter.swift in Sources */,
				089656292AFCDE9D0063D08C /* DestinationsProtocol.swift in Sources */,
				089656342AFCE2CE0063D08C /* DestinationsViewController.swift in Sources */,
			);
			runOnlyForDeploymentPostprocessing = 0;
		};
/* End PBXSourcesBuildPhase section */

/* Begin PBXVariantGroup section */
		0896561D2AFCDE3E0063D08C /* LaunchScreen.storyboard */ = {
			isa = PBXVariantGroup;
			children = (
				0896561E2AFCDE3E0063D08C /* Base */,
			);
			name = LaunchScreen.storyboard;
			sourceTree = "<group>";
		};
/* End PBXVariantGroup section */

/* Begin XCBuildConfiguration section */
		089656212AFCDE3E0063D08C /* Debug */ = {
			isa = XCBuildConfiguration;
			buildSettings = {
				ALWAYS_SEARCH_USER_PATHS = NO;
				CLANG_ANALYZER_NONNULL = YES;
				CLANG_ANALYZER_NUMBER_OBJECT_CONVERSION = YES_AGGRESSIVE;
				CLANG_CXX_LANGUAGE_STANDARD = "gnu++20";
				CLANG_ENABLE_MODULES = YES;
				CLANG_ENABLE_OBJC_ARC = YES;
				CLANG_ENABLE_OBJC_WEAK = YES;
				CLANG_WARN_BLOCK_CAPTURE_AUTORELEASING = YES;
				CLANG_WARN_BOOL_CONVERSION = YES;
				CLANG_WARN_COMMA = YES;
				CLANG_WARN_CONSTANT_CONVERSION = YES;
				CLANG_WARN_DEPRECATED_OBJC_IMPLEMENTATIONS = YES;
				CLANG_WARN_DIRECT_OBJC_ISA_USAGE = YES_ERROR;
				CLANG_WARN_DOCUMENTATION_COMMENTS = YES;
				CLANG_WARN_EMPTY_BODY = YES;
				CLANG_WARN_ENUM_CONVERSION = YES;
				CLANG_WARN_INFINITE_RECURSION = YES;
				CLANG_WARN_INT_CONVERSION = YES;
				CLANG_WARN_NON_LITERAL_NULL_CONVERSION = YES;
				CLANG_WARN_OBJC_IMPLICIT_RETAIN_SELF = YES;
				CLANG_WARN_OBJC_LITERAL_CONVERSION = YES;
				CLANG_WARN_OBJC_ROOT_CLASS = YES_ERROR;
				CLANG_WARN_QUOTED_INCLUDE_IN_FRAMEWORK_HEADER = YES;
				CLANG_WARN_RANGE_LOOP_ANALYSIS = YES;
				CLANG_WARN_STRICT_PROTOTYPES = YES;
				CLANG_WARN_SUSPICIOUS_MOVE = YES;
				CLANG_WARN_UNGUARDED_AVAILABILITY = YES_AGGRESSIVE;
				CLANG_WARN_UNREACHABLE_CODE = YES;
				CLANG_WARN__DUPLICATE_METHOD_MATCH = YES;
				COPY_PHASE_STRIP = NO;
				DEBUG_INFORMATION_FORMAT = dwarf;
				ENABLE_STRICT_OBJC_MSGSEND = YES;
				ENABLE_TESTABILITY = YES;
				GCC_C_LANGUAGE_STANDARD = gnu11;
				GCC_DYNAMIC_NO_PIC = NO;
				GCC_NO_COMMON_BLOCKS = YES;
				GCC_OPTIMIZATION_LEVEL = 0;
				GCC_PREPROCESSOR_DEFINITIONS = (
					"DEBUG=1",
					"$(inherited)",
				);
				GCC_WARN_64_TO_32_BIT_CONVERSION = YES;
				GCC_WARN_ABOUT_RETURN_TYPE = YES_ERROR;
				GCC_WARN_UNDECLARED_SELECTOR = YES;
				GCC_WARN_UNINITIALIZED_AUTOS = YES_AGGRESSIVE;
				GCC_WARN_UNUSED_FUNCTION = YES;
				GCC_WARN_UNUSED_VARIABLE = YES;
				IPHONEOS_DEPLOYMENT_TARGET = 16.0;
				MTL_ENABLE_DEBUG_INFO = INCLUDE_SOURCE;
				MTL_FAST_MATH = YES;
				ONLY_ACTIVE_ARCH = YES;
				SDKROOT = iphoneos;
				SWIFT_ACTIVE_COMPILATION_CONDITIONS = DEBUG;
				SWIFT_OPTIMIZATION_LEVEL = "-Onone";
			};
			name = Debug;
		};
		089656222AFCDE3E0063D08C /* Release */ = {
			isa = XCBuildConfiguration;
			buildSettings = {
				ALWAYS_SEARCH_USER_PATHS = NO;
				CLANG_ANALYZER_NONNULL = YES;
				CLANG_ANALYZER_NUMBER_OBJECT_CONVERSION = YES_AGGRESSIVE;
				CLANG_CXX_LANGUAGE_STANDARD = "gnu++20";
				CLANG_ENABLE_MODULES = YES;
				CLANG_ENABLE_OBJC_ARC = YES;
				CLANG_ENABLE_OBJC_WEAK = YES;
				CLANG_WARN_BLOCK_CAPTURE_AUTORELEASING = YES;
				CLANG_WARN_BOOL_CONVERSION = YES;
				CLANG_WARN_COMMA = YES;
				CLANG_WARN_CONSTANT_CONVERSION = YES;
				CLANG_WARN_DEPRECATED_OBJC_IMPLEMENTATIONS = YES;
				CLANG_WARN_DIRECT_OBJC_ISA_USAGE = YES_ERROR;
				CLANG_WARN_DOCUMENTATION_COMMENTS = YES;
				CLANG_WARN_EMPTY_BODY = YES;
				CLANG_WARN_ENUM_CONVERSION = YES;
				CLANG_WARN_INFINITE_RECURSION = YES;
				CLANG_WARN_INT_CONVERSION = YES;
				CLANG_WARN_NON_LITERAL_NULL_CONVERSION = YES;
				CLANG_WARN_OBJC_IMPLICIT_RETAIN_SELF = YES;
				CLANG_WARN_OBJC_LITERAL_CONVERSION = YES;
				CLANG_WARN_OBJC_ROOT_CLASS = YES_ERROR;
				CLANG_WARN_QUOTED_INCLUDE_IN_FRAMEWORK_HEADER = YES;
				CLANG_WARN_RANGE_LOOP_ANALYSIS = YES;
				CLANG_WARN_STRICT_PROTOTYPES = YES;
				CLANG_WARN_SUSPICIOUS_MOVE = YES;
				CLANG_WARN_UNGUARDED_AVAILABILITY = YES_AGGRESSIVE;
				CLANG_WARN_UNREACHABLE_CODE = YES;
				CLANG_WARN__DUPLICATE_METHOD_MATCH = YES;
				COPY_PHASE_STRIP = NO;
				DEBUG_INFORMATION_FORMAT = "dwarf-with-dsym";
				ENABLE_NS_ASSERTIONS = NO;
				ENABLE_STRICT_OBJC_MSGSEND = YES;
				GCC_C_LANGUAGE_STANDARD = gnu11;
				GCC_NO_COMMON_BLOCKS = YES;
				GCC_WARN_64_TO_32_BIT_CONVERSION = YES;
				GCC_WARN_ABOUT_RETURN_TYPE = YES_ERROR;
				GCC_WARN_UNDECLARED_SELECTOR = YES;
				GCC_WARN_UNINITIALIZED_AUTOS = YES_AGGRESSIVE;
				GCC_WARN_UNUSED_FUNCTION = YES;
				GCC_WARN_UNUSED_VARIABLE = YES;
				IPHONEOS_DEPLOYMENT_TARGET = 16.0;
				MTL_ENABLE_DEBUG_INFO = NO;
				MTL_FAST_MATH = YES;
				SDKROOT = iphoneos;
				SWIFT_COMPILATION_MODE = wholemodule;
				SWIFT_OPTIMIZATION_LEVEL = "-O";
				VALIDATE_PRODUCT = YES;
			};
			name = Release;
		};
		089656242AFCDE3E0063D08C /* Debug */ = {
			isa = XCBuildConfiguration;
			baseConfigurationReference = FFABA842A60B679F6D51117E /* Pods-VIPERGoogleMapsExam.debug.xcconfig */;
			buildSettings = {
				ASSETCATALOG_COMPILER_APPICON_NAME = AppIcon;
				ASSETCATALOG_COMPILER_GLOBAL_ACCENT_COLOR_NAME = AccentColor;
				CODE_SIGN_STYLE = Automatic;
				CURRENT_PROJECT_VERSION = 1;
				GENERATE_INFOPLIST_FILE = YES;
				INFOPLIST_FILE = VIPERGoogleMapsExam/Info.plist;
				INFOPLIST_KEY_UIApplicationSupportsIndirectInputEvents = YES;
				INFOPLIST_KEY_UILaunchStoryboardName = LaunchScreen;
				INFOPLIST_KEY_UIRequiredDeviceCapabilities = armv7;
				INFOPLIST_KEY_UISupportedInterfaceOrientations_iPad = "UIInterfaceOrientationPortrait UIInterfaceOrientationPortraitUpsideDown UIInterfaceOrientationLandscapeLeft UIInterfaceOrientationLandscapeRight";
				INFOPLIST_KEY_UISupportedInterfaceOrientations_iPhone = "UIInterfaceOrientationPortrait UIInterfaceOrientationLandscapeLeft UIInterfaceOrientationLandscapeRight";
				LD_RUNPATH_SEARCH_PATHS = (
					"$(inherited)",
					"@executable_path/Frameworks",
				);
				MARKETING_VERSION = 1.0;
				PRODUCT_BUNDLE_IDENTIFIER = hjc.VIPERGoogleMapsExam;
				PRODUCT_NAME = "$(TARGET_NAME)";
				SWIFT_EMIT_LOC_STRINGS = YES;
				SWIFT_VERSION = 5.0;
				TARGETED_DEVICE_FAMILY = "1,2";
			};
			name = Debug;
		};
		089656252AFCDE3E0063D08C /* Release */ = {
			isa = XCBuildConfiguration;
			baseConfigurationReference = A2759FAFFCEABA0D70EDC136 /* Pods-VIPERGoogleMapsExam.release.xcconfig */;
			buildSettings = {
				ASSETCATALOG_COMPILER_APPICON_NAME = AppIcon;
				ASSETCATALOG_COMPILER_GLOBAL_ACCENT_COLOR_NAME = AccentColor;
				CODE_SIGN_STYLE = Automatic;
				CURRENT_PROJECT_VERSION = 1;
				GENERATE_INFOPLIST_FILE = YES;
				INFOPLIST_FILE = VIPERGoogleMapsExam/Info.plist;
				INFOPLIST_KEY_UIApplicationSupportsIndirectInputEvents = YES;
				INFOPLIST_KEY_UILaunchStoryboardName = LaunchScreen;
				INFOPLIST_KEY_UIRequiredDeviceCapabilities = armv7;
				INFOPLIST_KEY_UISupportedInterfaceOrientations_iPad = "UIInterfaceOrientationPortrait UIInterfaceOrientationPortraitUpsideDown UIInterfaceOrientationLandscapeLeft UIInterfaceOrientationLandscapeRight";
				INFOPLIST_KEY_UISupportedInterfaceOrientations_iPhone = "UIInterfaceOrientationPortrait UIInterfaceOrientationLandscapeLeft UIInterfaceOrientationLandscapeRight";
				LD_RUNPATH_SEARCH_PATHS = (
					"$(inherited)",
					"@executable_path/Frameworks",
				);
				MARKETING_VERSION = 1.0;
				PRODUCT_BUNDLE_IDENTIFIER = hjc.VIPERGoogleMapsExam;
				PRODUCT_NAME = "$(TARGET_NAME)";
				SWIFT_EMIT_LOC_STRINGS = YES;
				SWIFT_VERSION = 5.0;
				TARGETED_DEVICE_FAMILY = "1,2";
			};
			name = Release;
		};
/* End XCBuildConfiguration section */

/* Begin XCConfigurationList section */
		0896560A2AFCDE3D0063D08C /* Build configuration list for PBXProject "VIPERGoogleMapsExam" */ = {
			isa = XCConfigurationList;
			buildConfigurations = (
				089656212AFCDE3E0063D08C /* Debug */,
				089656222AFCDE3E0063D08C /* Release */,
			);
			defaultConfigurationIsVisible = 0;
			defaultConfigurationName = Release;
		};
		089656232AFCDE3E0063D08C /* Build configuration list for PBXNativeTarget "VIPERGoogleMapsExam" */ = {
			isa = XCConfigurationList;
			buildConfigurations = (
				089656242AFCDE3E0063D08C /* Debug */,
				089656252AFCDE3E0063D08C /* Release */,
			);
			defaultConfigurationIsVisible = 0;
			defaultConfigurationName = Release;
		};
/* End XCConfigurationList section */
	};
	rootObject = 089656072AFCDE3D0063D08C /* Project object */;
}
